
Microsoft Visual Studio Solution File, Format Version 12.00
# Visual Studio Version 17
VisualStudioVersion = 17.8.34525.116
MinimumVisualStudioVersion = 10.0.40219.1
Project("{9A19103F-16F7-4668-BE54-9A1E7A4F7556}") = "WebApiPW", "WebApiTestv2\WebApiPW.csproj", "{6352EFA6-30F4-4A2D-99D8-EED9F773E79F}"
EndProject
Global
	GlobalSection(SolutionConfigurationPlatforms) = preSolution
		Debug|Any CPU = Debug|Any CPU
		Release|Any CPU = Release|Any CPU
	EndGlobalSection
	GlobalSection(ProjectConfigurationPlatforms) = postSolution
		{6352EFA6-30F4-4A2D-99D8-EED9F773E79F}.Debug|Any CPU.ActiveCfg = Debug|Any CPU
		{6352EFA6-30F4-4A2D-99D8-EED9F773E79F}.Debug|Any CPU.Build.0 = Debug|Any CPU
		{6352EFA6-30F4-4A2D-99D8-EED9F773E79F}.Release|Any CPU.ActiveCfg = Release|Any CPU
		{6352EFA6-30F4-4A2D-99D8-EED9F773E79F}.Release|Any CPU.Build.0 = Release|Any CPU
	EndGlobalSection
	GlobalSection(SolutionProperties) = preSolution
		HideSolutionNode = FALSE
	EndGlobalSection
	GlobalSection(ExtensibilityGlobals) = postSolution
		SolutionGuid = {0016D64C-468D-4ACF-A294-EFB31FB159D8}
	EndGlobalSection
EndGlobal
